// !$*UTF8*$!
{
	archiveVersion = 1;
	classes = {
	};
	objectVersion = 48;
	objects = {

/* Begin PBXBuildFile section */
		AD61B93D203C1E0B0012A864 /* AppDelegate.swift in Sources */ = {isa = PBXBuildFile; fileRef = AD61B93C203C1E0B0012A864 /* AppDelegate.swift */; };
		AD61B93F203C1E0B0012A864 /* ViewController.swift in Sources */ = {isa = PBXBuildFile; fileRef = AD61B93E203C1E0B0012A864 /* ViewController.swift */; };
		AD61B942203C1E0B0012A864 /* Main.storyboard in Resources */ = {isa = PBXBuildFile; fileRef = AD61B940203C1E0B0012A864 /* Main.storyboard */; };
		AD61B944203C1E0B0012A864 /* Assets.xcassets in Resources */ = {isa = PBXBuildFile; fileRef = AD61B943203C1E0B0012A864 /* Assets.xcassets */; };
		AD61B947203C1E0B0012A864 /* LaunchScreen.storyboard in Resources */ = {isa = PBXBuildFile; fileRef = AD61B945203C1E0B0012A864 /* LaunchScreen.storyboard */; };
/* End PBXBuildFile section */

/* Begin PBXFileReference section */
		AD61B939203C1E0B0012A864 /* Swift_Method_Swizzling.app */ = {isa = PBXFileReference; explicitFileType = wrapper.application; includeInIndex = 0; path = Swift_Method_Swizzling.app; sourceTree = BUILT_PRODUCTS_DIR; };
		AD61B93C203C1E0B0012A864 /* AppDelegate.swift */ = {isa = PBXFileReference; lastKnownFileType = sourcecode.swift; path = AppDelegate.swift; sourceTree = "<group>"; };
		AD61B93E203C1E0B0012A864 /* ViewController.swift */ = {isa = PBXFileReference; lastKnownFileType = sourcecode.swift; path = ViewController.swift; sourceTree = "<group>"; };
		AD61B941203C1E0B0012A864 /* Base */ = {isa = PBXFileReference; lastKnownFileType = file.storyboard; name = Base; path = Base.lproj/Main.storyboard; sourceTree = "<group>"; };
		AD61B943203C1E0B0012A864 /* Assets.xcassets */ = {isa = PBXFileReference; lastKnownFileType = folder.assetcatalog; path = Assets.xcassets; sourceTree = "<group>"; };
		AD61B946203C1E0B0012A864 /* Base */ = {isa = PBXFileReference; lastKnownFileType = file.storyboard; name = Base; path = Base.lproj/LaunchScreen.storyboard; sourceTree = "<group>"; };
		AD61B948203C1E0B0012A864 /* Info.plist */ = {isa = PBXFileReference; lastKnownFileType = text.plist.xml; path = Info.plist; sourceTree = "<group>"; };
/* End PBXFileReference section */

/* Begin PBXFrameworksBuildPhase section */
		AD61B936203C1E0B0012A864 /* Frameworks */ = {
			isa = PBXFrameworksBuildPhase;
			buildActionMask = 2147483647;
			files = (
			);
			runOnlyForDeploymentPostprocessing = 0;
		};
/* End PBXFrameworksBuildPhase section */

/* Begin PBXGroup section */
		AD61B930203C1E0B0012A864 = {
			isa = PBXGroup;
			children = (
				AD61B93B203C1E0B0012A864 /* Swift_Method_Swizzling */,
				AD61B93A203C1E0B0012A864 /* Products */,
			);
			sourceTree = "<group>";
		};
		AD61B93A203C1E0B0012A864 /* Products */ = {
			isa = PBXGroup;
			children = (
				AD61B939203C1E0B0012A864 /* Swift_Method_Swizzling.app */,
			);
			name = Products;
			sourceTree = "<group>";
		};
		AD61B93B203C1E0B0012A864 /* Swift_Method_Swizzling */ = {
			isa = PBXGroup;
			children = (
				AD61B93C203C1E0B0012A864 /* AppDelegate.swift */,
				AD61B93E203C1E0B0012A864 /* ViewController.swift */,
				AD61B940203C1E0B0012A864 /* Main.storyboard */,
				AD61B943203C1E0B0012A864 /* Assets.xcassets */,
				AD61B945203C1E0B0012A864 /* LaunchScreen.storyboard */,
				AD61B948203C1E0B0012A864 /* Info.plist */,
			);
			path = Swift_Method_Swizzling;
			sourceTree = "<group>";
		};
/* End PBXGroup section */

/* Begin PBXNativeTarget section */
		AD61B938203C1E0B0012A864 /* Swift_Method_Swizzling */ = {
			isa = PBXNativeTarget;
			buildConfigurationList = AD61B94B203C1E0B0012A864 /* Build configuration list for PBXNativeTarget "Swift_Method_Swizzling" */;
			buildPhases = (
				AD61B935203C1E0B0012A864 /* Sources */,
				AD61B936203C1E0B0012A864 /* Frameworks */,
				AD61B937203C1E0B0012A864 /* Resources */,
			);
			buildRules = (
			);
			dependencies = (
			);
			name = Swift_Method_Swizzling;
			productName = Swift_Method_Swizzling;
			productReference = AD61B939203C1E0B0012A864 /* Swift_Method_Swizzling.app */;
			productType = "com.apple.product-type.application";
		};
/* End PBXNativeTarget section */

/* Begin PBXProject section */
		AD61B931203C1E0B0012A864 /* Project object */ = {
			isa = PBXProject;
			attributes = {
				LastSwiftUpdateCheck = 0920;
				LastUpgradeCheck = 0920;
				ORGANIZATIONNAME = DFD;
				TargetAttributes = {
					AD61B938203C1E0B0012A864 = {
						CreatedOnToolsVersion = 9.2;
						ProvisioningStyle = Automatic;
					};
				};
			};
			buildConfigurationList = AD61B934203C1E0B0012A864 /* Build configuration list for PBXProject "Swift_Method_Swizzling" */;
			compatibilityVersion = "Xcode 8.0";
			developmentRegion = en;
			hasScannedForEncodings = 0;
			knownRegions = (
				en,
				Base,
			);
			mainGroup = AD61B930203C1E0B0012A864;
			productRefGroup = AD61B93A203C1E0B0012A864 /* Products */;
			projectDirPath = "";
			projectRoot = "";
			targets = (
				AD61B938203C1E0B0012A864 /* Swift_Method_Swizzling */,
			);
		};
/* End PBXProject section */

/* Begin PBXResourcesBuildPhase section */
		AD61B937203C1E0B0012A864 /* Resources */ = {
			isa = PBXResourcesBuildPhase;
			buildActionMask = 2147483647;
			files = (
				AD61B947203C1E0B0012A864 /* LaunchScreen.storyboard in Resources */,
				AD61B944203C1E0B0012A864 /* Assets.xcassets in Resources */,
				AD61B942203C1E0B0012A864 /* Main.storyboard in Resources */,
			);
			runOnlyForDeploymentPostprocessing = 0;
		};
/* End PBXResourcesBuildPhase section */

/* Begin PBXSourcesBuildPhase section */
		AD61B935203C1E0B0012A864 /* Sources */ = {
			isa = PBXSourcesBuildPhase;
			buildActionMask = 2147483647;
			files = (
				AD61B93F203C1E0B0012A864 /* ViewController.swift in Sources */,
				AD61B93D203C1E0B0012A864 /* AppDelegate.swift in Sources */,
			);
			runOnlyForDeploymentPostprocessing = 0;
		};
/* End PBXSourcesBuildPhase section */

/* Begin PBXVariantGroup section */
		AD61B940203C1E0B0012A864 /* Main.storyboard */ = {
			isa = PBXVariantGroup;
			children = (
				AD61B941203C1E0B0012A864 /* Base */,
			);
			name = Main.storyboard;
			sourceTree = "<group>";
		};
		AD61B945203C1E0B0012A864 /* LaunchScreen.storyboard */ = {
			isa = PBXVariantGroup;
			children = (
				AD61B946203C1E0B0012A864 /* Base */,
			);
			name = LaunchScreen.storyboard;
			sourceTree = "<group>";
		};
/* End PBXVariantGroup section */

/* Begin XCBuildConfiguration section */
		AD61B949203C1E0B0012A864 /* Debug */ = {
			isa = XCBuildConfiguration;
			buildSettings = {
				ALWAYS_SEARCH_USER_PATHS = NO;
				CLANG_ANALYZER_NONNULL = YES;
				CLANG_ANALYZER_NUMBER_OBJECT_CONVERSION = YES_AGGRESSIVE;
				CLANG_CXX_LANGUAGE_STANDARD = "gnu++14";
				CLANG_CXX_LIBRARY = "libc++";
				CLANG_ENABLE_MODULES = YES;
				CLANG_ENABLE_OBJC_ARC = YES;
				CLANG_WARN_BLOCK_CAPTURE_AUTORELEASING = YES;
				CLANG_WARN_BOOL_CONVERSION = YES;
				CLANG_WARN_COMMA = YES;
				CLANG_WARN_CONSTANT_CONVERSION = YES;
				CLANG_WARN_DIRECT_OBJC_ISA_USAGE = YES_ERROR;
				CLANG_WARN_DOCUMENTATION_COMMENTS = YES;
				CLANG_WARN_EMPTY_BODY = YES;
				CLANG_WARN_ENUM_CONVERSION = YES;
				CLANG_WARN_INFINITE_RECURSION = YES;
				CLANG_WARN_INT_CONVERSION = YES;
				CLANG_WARN_NON_LITERAL_NULL_CONVERSION = YES;
				CLANG_WARN_OBJC_LITERAL_CONVERSION = YES;
				CLANG_WARN_OBJC_ROOT_CLASS = YES_ERROR;
				CLANG_WARN_RANGE_LOOP_ANALYSIS = YES;
				CLANG_WARN_STRICT_PROTOTYPES = YES;
				CLANG_WARN_SUSPICIOUS_MOVE = YES;
				CLANG_WARN_UNGUARDED_AVAILABILITY = YES_AGGRESSIVE;
				CLANG_WARN_UNREACHABLE_CODE = YES;
				CLANG_WARN__DUPLICATE_METHOD_MATCH = YES;
				CODE_SIGN_IDENTITY = "iPhone Developer";
				COPY_PHASE_STRIP = NO;
				DEBUG_INFORMATION_FORMAT = dwarf;
				ENABLE_STRICT_OBJC_MSGSEND = YES;
				ENABLE_TESTABILITY = YES;
				GCC_C_LANGUAGE_STANDARD = gnu11;
				GCC_DYNAMIC_NO_PIC = NO;
				GCC_NO_COMMON_BLOCKS = YES;
				GCC_OPTIMIZATION_LEVEL = 0;
				GCC_PREPROCESSOR_DEFINITIONS = (
					"DEBUG=1",
					"$(inherited)",
				);
				GCC_WARN_64_TO_32_BIT_CONVERSION = YES;
				GCC_WARN_ABOUT_RETURN_TYPE = YES_ERROR;
				GCC_WARN_UNDECLARED_SELECTOR = YES;
				GCC_WARN_UNINITIALIZED_AUTOS = YES_AGGRESSIVE;
				GCC_WARN_UNUSED_FUNCTION = YES;
				GCC_WARN_UNUSED_VARIABLE = YES;
				IPHONEOS_DEPLOYMENT_TARGET = 11.2;
				MTL_ENABLE_DEBUG_INFO = YES;
				ONLY_ACTIVE_ARCH = YES;
				SDKROOT = iphoneos;
				SWIFT_ACTIVE_COMPILATION_CONDITIONS = DEBUG;
				SWIFT_OPTIMIZATION_LEVEL = "-Onone";
			};
			name = Debug;
		};
		AD61B94A203C1E0B0012A864 /* Release */ = {
			isa = XCBuildConfiguration;
			buildSettings = {
				ALWAYS_SEARCH_USER_PATHS = NO;
				CLANG_ANALYZER_NONNULL = YES;
				CLANG_ANALYZER_NUMBER_OBJECT_CONVERSION = YES_AGGRESSIVE;
				CLANG_CXX_LANGUAGE_STANDARD = "gnu++14";
				CLANG_CXX_LIBRARY = "libc++";
				CLANG_ENABLE_MODULES = YES;
				CLANG_ENABLE_OBJC_ARC = YES;
				CLANG_WARN_BLOCK_CAPTURE_AUTORELEASING = YES;
				CLANG_WARN_BOOL_CONVERSION = YES;
				CLANG_WARN_COMMA = YES;
				CLANG_WARN_CONSTANT_CONVERSION = YES;
				CLANG_WARN_DIRECT_OBJC_ISA_USAGE = YES_ERROR;
				CLANG_WARN_DOCUMENTATION_COMMENTS = YES;
				CLANG_WARN_EMPTY_BODY = YES;
				CLANG_WARN_ENUM_CONVERSION = YES;
				CLANG_WARN_INFINITE_RECURSION = YES;
				CLANG_WARN_INT_CONVERSION = YES;
				CLANG_WARN_NON_LITERAL_NULL_CONVERSION = YES;
				CLANG_WARN_OBJC_LITERAL_CONVERSION = YES;
				CLANG_WARN_OBJC_ROOT_CLASS = YES_ERROR;
				CLANG_WARN_RANGE_LOOP_ANALYSIS = YES;
				CLANG_WARN_STRICT_PROTOTYPES = YES;
				CLANG_WARN_SUSPICIOUS_MOVE = YES;
				CLANG_WARN_UNGUARDED_AVAILABILITY = YES_AGGRESSIVE;
				CLANG_WARN_UNREACHABLE_CODE = YES;
				CLANG_WARN__DUPLICATE_METHOD_MATCH = YES;
				CODE_SIGN_IDENTITY = "iPhone Developer";
				COPY_PHASE_STRIP = NO;
				DEBUG_INFORMATION_FORMAT = "dwarf-with-dsym";
				ENABLE_NS_ASSERTIONS = NO;
				ENABLE_STRICT_OBJC_MSGSEND = YES;
				GCC_C_LANGUAGE_STANDARD = gnu11;
				GCC_NO_COMMON_BLOCKS = YES;
				GCC_WARN_64_TO_32_BIT_CONVERSION = YES;
				GCC_WARN_ABOUT_RETURN_TYPE = YES_ERROR;
				GCC_WARN_UNDECLARED_SELECTOR = YES;
				GCC_WARN_UNINITIALIZED_AUTOS = YES_AGGRESSIVE;
				GCC_WARN_UNUSED_FUNCTION = YES;
				GCC_WARN_UNUSED_VARIABLE = YES;
				IPHONEOS_DEPLOYMENT_TARGET = 11.2;
				MTL_ENABLE_DEBUG_INFO = NO;
				SDKROOT = iphoneos;
				SWIFT_OPTIMIZATION_LEVEL = "-Owholemodule";
				VALIDATE_PRODUCT = YES;
			};
			name = Release;
		};
		AD61B94C203C1E0B0012A864 /* Debug */ = {
			isa = XCBuildConfiguration;
			buildSettings = {
				ASSETCATALOG_COMPILER_APPICON_NAME = AppIcon;
				CODE_SIGN_STYLE = Automatic;
				DEVELOPMENT_TEAM = 9537QYY2B6;
				INFOPLIST_FILE = Swift_Method_Swizzling/Info.plist;
				LD_RUNPATH_SEARCH_PATHS = "$(inherited) @executable_path/Frameworks";
				PRODUCT_BUNDLE_IDENTIFIER = "com.xrhl.smartMunicipal170615.Swift-Method-Swizzling";
				PRODUCT_NAME = "$(TARGET_NAME)";
				SWIFT_VERSION = 4.0;
				TARGETED_DEVICE_FAMILY = "1,2";
			};
			name = Debug;
		};
		AD61B94D203C1E0B0012A864 /* Release */ = {
			isa = XCBuildConfiguration;
			buildSettings = {
				ASSETCATALOG_COMPILER_APPICON_NAME = AppIcon;
				CODE_SIGN_STYLE = Automatic;
				DEVELOPMENT_TEAM = 9537QYY2B6;
				INFOPLIST_FILE = Swift_Method_Swizzling/Info.plist;
				LD_RUNPATH_SEARCH_PATHS = "$(inherited) @executable_path/Frameworks";
				PRODUCT_BUNDLE_IDENTIFIER = "com.xrhl.smartMunicipal170615.Swift-Method-Swizzling";
				PRODUCT_NAME = "$(TARGET_NAME)";
				SWIFT_VERSION = 4.0;
				TARGETED_DEVICE_FAMILY = "1,2";
			};
			name = Release;
		};
/* End XCBuildConfiguration section */

/* Begin XCConfigurationList section */
		AD61B934203C1E0B0012A864 /* Build configuration list for PBXProject "Swift_Method_Swizzling" */ = {
			isa = XCConfigurationList;
			buildConfigurations = (
				AD61B949203C1E0B0012A864 /* Debug */,
				AD61B94A203C1E0B0012A864 /* Release */,
			);
			defaultConfigurationIsVisible = 0;
			defaultConfigurationName = Release;
		};
		AD61B94B203C1E0B0012A864 /* Build configuration list for PBXNativeTarget "Swift_Method_Swizzling" */ = {
			isa = XCConfigurationList;
			buildConfigurations = (
				AD61B94C203C1E0B0012A864 /* Debug */,
				AD61B94D203C1E0B0012A864 /* Release */,
			);
			defaultConfigurationIsVisible = 0;
			defaultConfigurationName = Release;
		};
/* End XCConfigurationList section */
	};
	rootObject = AD61B931203C1E0B0012A864 /* Project object */;
}
